
Microsoft Visual Studio Solution File, Format Version 12.00
# Visual Studio 15
VisualStudioVersion = 15.0.28010.2041
MinimumVisualStudioVersion = 10.0.40219.1
Project("{FAE04EC0-301F-11D3-BF4B-00C04F79EFBC}") = "SIRESEP.UI", "SIRESEP.UI\SIRESEP.UI.csproj", "{45EF563B-4B25-4D36-9CDC-483CA4949421}"
EndProject
Project("{FAE04EC0-301F-11D3-BF4B-00C04F79EFBC}") = "SIRESEP.DS", "SIRESEP.DS\SIRESEP.DS.csproj", "{3DCB83D3-F9DB-45CC-8D6F-495904AE08BB}"
EndProject
Project("{FAE04EC0-301F-11D3-BF4B-00C04F79EFBC}") = "SIRESEP.DATOS", "SIRESEP.DATOS\SIRESEP.DATOS.csproj", "{EC01AED6-4F5C-4024-A4CA-D66E11E2929D}"
EndProject
Global
	GlobalSection(SolutionConfigurationPlatforms) = preSolution
		Debug|Any CPU = Debug|Any CPU
		Release|Any CPU = Release|Any CPU
	EndGlobalSection
	GlobalSection(ProjectConfigurationPlatforms) = postSolution
		{45EF563B-4B25-4D36-9CDC-483CA4949421}.Debug|Any CPU.ActiveCfg = Debug|Any CPU
		{45EF563B-4B25-4D36-9CDC-483CA4949421}.Debug|Any CPU.Build.0 = Debug|Any CPU
		{45EF563B-4B25-4D36-9CDC-483CA4949421}.Release|Any CPU.ActiveCfg = Release|Any CPU
		{45EF563B-4B25-4D36-9CDC-483CA4949421}.Release|Any CPU.Build.0 = Release|Any CPU
		{3DCB83D3-F9DB-45CC-8D6F-495904AE08BB}.Debug|Any CPU.ActiveCfg = Debug|Any CPU
		{3DCB83D3-F9DB-45CC-8D6F-495904AE08BB}.Debug|Any CPU.Build.0 = Debug|Any CPU
		{3DCB83D3-F9DB-45CC-8D6F-495904AE08BB}.Release|Any CPU.ActiveCfg = Release|Any CPU
		{3DCB83D3-F9DB-45CC-8D6F-495904AE08BB}.Release|Any CPU.Build.0 = Release|Any CPU
		{EC01AED6-4F5C-4024-A4CA-D66E11E2929D}.Debug|Any CPU.ActiveCfg = Debug|Any CPU
		{EC01AED6-4F5C-4024-A4CA-D66E11E2929D}.Debug|Any CPU.Build.0 = Debug|Any CPU
		{EC01AED6-4F5C-4024-A4CA-D66E11E2929D}.Release|Any CPU.ActiveCfg = Release|Any CPU
		{EC01AED6-4F5C-4024-A4CA-D66E11E2929D}.Release|Any CPU.Build.0 = Release|Any CPU
	EndGlobalSection
	GlobalSection(SolutionProperties) = preSolution
		HideSolutionNode = FALSE
	EndGlobalSection
	GlobalSection(ExtensibilityGlobals) = postSolution
		SolutionGuid = {847C2867-0A65-4DC4-B8E7-F9638870CED1}
	EndGlobalSection
EndGlobal
